# shellcheck shell=sh

AGENT_STACK_VERSION="1"

GSTACK_REPO="https://github.com/garrytan/gstack.git"
GSTACK_REF="cf73db5f19040218ecd50d0b81acffd40b63f056"

SUPERPOWERS_REPO="https://github.com/obra/superpowers.git"
SUPERPOWERS_REF="b7a8f76985f1e93e75dd2f2a3b424dc731bd9d37"

SUPPORTED_HOSTS="auto codex claude"
SUPPORTED_PLATFORMS="Darwin Linux"

CLAUDE_GSTACK_PREFIX="true"
CLAUDE_SUPERPOWERS_MODE="manual"
CODEX_MULTI_AGENT_REQUIRED="true"
